
Microsoft Visual Studio Solution File, Format Version 12.00
# Visual Studio Version 16
VisualStudioVersion = 16.0.30503.244
MinimumVisualStudioVersion = 10.0.40219.1
Project("{FAE04EC0-301F-11D3-BF4B-00C04F79EFBC}") = "BackEnd", "BackEnd\BackEnd.csproj", "{88D45D73-3C13-4EC5-BD7C-A0D8742B839B}"
EndProject
Global
	GlobalSection(SolutionConfigurationPlatforms) = preSolution
		Debug|Any CPU = Debug|Any CPU
		Release|Any CPU = Release|Any CPU
	EndGlobalSection
	GlobalSection(ProjectConfigurationPlatforms) = postSolution
		{88D45D73-3C13-4EC5-BD7C-A0D8742B839B}.Debug|Any CPU.ActiveCfg = Debug|Any CPU
		{88D45D73-3C13-4EC5-BD7C-A0D8742B839B}.Debug|Any CPU.Build.0 = Debug|Any CPU
		{88D45D73-3C13-4EC5-BD7C-A0D8742B839B}.Release|Any CPU.ActiveCfg = Release|Any CPU
		{88D45D73-3C13-4EC5-BD7C-A0D8742B839B}.Release|Any CPU.Build.0 = Release|Any CPU
	EndGlobalSection
	GlobalSection(SolutionProperties) = preSolution
		HideSolutionNode = FALSE
	EndGlobalSection
	GlobalSection(ExtensibilityGlobals) = postSolution
		SolutionGuid = {C0920D6A-13E4-4FC8-AB8B-3C204E91EA45}
	EndGlobalSection
EndGlobal
